
Microsoft Visual Studio Solution File, Format Version 12.00
# Visual Studio Version 17
VisualStudioVersion = 17.8.34511.84
MinimumVisualStudioVersion = 10.0.40219.1
Project("{F184B08F-C81C-45F6-A57F-5ABD9991F28F}") = "CS146_A13", "CS146_A13.vbproj", "{98791DCE-5FE2-47DB-981F-A825DE0E515E}"
EndProject
Global
	GlobalSection(SolutionConfigurationPlatforms) = preSolution
		Debug|Any CPU = Debug|Any CPU
		Release|Any CPU = Release|Any CPU
	EndGlobalSection
	GlobalSection(ProjectConfigurationPlatforms) = postSolution
		{98791DCE-5FE2-47DB-981F-A825DE0E515E}.Debug|Any CPU.ActiveCfg = Debug|Any CPU
		{98791DCE-5FE2-47DB-981F-A825DE0E515E}.Debug|Any CPU.Build.0 = Debug|Any CPU
		{98791DCE-5FE2-47DB-981F-A825DE0E515E}.Release|Any CPU.ActiveCfg = Release|Any CPU
		{98791DCE-5FE2-47DB-981F-A825DE0E515E}.Release|Any CPU.Build.0 = Release|Any CPU
	EndGlobalSection
	GlobalSection(SolutionProperties) = preSolution
		HideSolutionNode = FALSE
	EndGlobalSection
	GlobalSection(ExtensibilityGlobals) = postSolution
		SolutionGuid = {DB8DFDFA-9A8F-49C7-9E81-644CAA925EB3}
	EndGlobalSection
EndGlobal
