
Microsoft Visual Studio Solution File, Format Version 12.00
# Visual Studio Version 17
VisualStudioVersion = 17.8.34511.84
MinimumVisualStudioVersion = 10.0.40219.1
Project("{F184B08F-C81C-45F6-A57F-5ABD9991F28F}") = "CS146_Lab32", "CS146_Lab32.vbproj", "{43EB1CE6-307D-458E-971A-C358D0BC6526}"
EndProject
Global
	GlobalSection(SolutionConfigurationPlatforms) = preSolution
		Debug|Any CPU = Debug|Any CPU
		Release|Any CPU = Release|Any CPU
	EndGlobalSection
	GlobalSection(ProjectConfigurationPlatforms) = postSolution
		{43EB1CE6-307D-458E-971A-C358D0BC6526}.Debug|Any CPU.ActiveCfg = Debug|Any CPU
		{43EB1CE6-307D-458E-971A-C358D0BC6526}.Debug|Any CPU.Build.0 = Debug|Any CPU
		{43EB1CE6-307D-458E-971A-C358D0BC6526}.Release|Any CPU.ActiveCfg = Release|Any CPU
		{43EB1CE6-307D-458E-971A-C358D0BC6526}.Release|Any CPU.Build.0 = Release|Any CPU
	EndGlobalSection
	GlobalSection(SolutionProperties) = preSolution
		HideSolutionNode = FALSE
	EndGlobalSection
	GlobalSection(ExtensibilityGlobals) = postSolution
		SolutionGuid = {55DEADAD-18F7-4F67-9F80-7D16651A5245}
	EndGlobalSection
EndGlobal
