
Microsoft Visual Studio Solution File, Format Version 12.00
# Visual Studio Version 17
VisualStudioVersion = 17.8.34511.84
MinimumVisualStudioVersion = 10.0.40219.1
Project("{F184B08F-C81C-45F6-A57F-5ABD9991F28F}") = "CS146_A9", "CS146_A9.vbproj", "{9F82A49D-023B-42D4-9328-B7814805F34C}"
EndProject
Global
	GlobalSection(SolutionConfigurationPlatforms) = preSolution
		Debug|Any CPU = Debug|Any CPU
		Release|Any CPU = Release|Any CPU
	EndGlobalSection
	GlobalSection(ProjectConfigurationPlatforms) = postSolution
		{9F82A49D-023B-42D4-9328-B7814805F34C}.Debug|Any CPU.ActiveCfg = Debug|Any CPU
		{9F82A49D-023B-42D4-9328-B7814805F34C}.Debug|Any CPU.Build.0 = Debug|Any CPU
		{9F82A49D-023B-42D4-9328-B7814805F34C}.Release|Any CPU.ActiveCfg = Release|Any CPU
		{9F82A49D-023B-42D4-9328-B7814805F34C}.Release|Any CPU.Build.0 = Release|Any CPU
	EndGlobalSection
	GlobalSection(SolutionProperties) = preSolution
		HideSolutionNode = FALSE
	EndGlobalSection
	GlobalSection(ExtensibilityGlobals) = postSolution
		SolutionGuid = {3847D5AA-E54C-4B41-BEF6-F96FFE317A73}
	EndGlobalSection
EndGlobal
